
Microsoft Visual Studio Solution File, Format Version 12.00
# Visual Studio Version 16
VisualStudioVersion = 16.0.29509.3
MinimumVisualStudioVersion = 10.0.40219.1
Project("{FAE04EC0-301F-11D3-BF4B-00C04F79EFBC}") = "aluracar.Android", "aluracar\aluracar.Android\aluracar.Android.csproj", "{7FEC6047-B6F9-48B6-B2BE-E27108693A5E}"
EndProject
Project("{FAE04EC0-301F-11D3-BF4B-00C04F79EFBC}") = "aluracar.iOS", "aluracar\aluracar.iOS\aluracar.iOS.csproj", "{6F0F6895-B2F2-4F79-86C8-0478088CEE9A}"
EndProject
Project("{FAE04EC0-301F-11D3-BF4B-00C04F79EFBC}") = "aluracar", "aluracar\aluracar\aluracar.csproj", "{55F87006-4403-4663-B143-01EB7D3B3C03}"
EndProject
Global
	GlobalSection(SolutionConfigurationPlatforms) = preSolution
		Debug|Any CPU = Debug|Any CPU
		Debug|iPhone = Debug|iPhone
		Debug|iPhoneSimulator = Debug|iPhoneSimulator
		Release|Any CPU = Release|Any CPU
		Release|iPhone = Release|iPhone
		Release|iPhoneSimulator = Release|iPhoneSimulator
	EndGlobalSection
	GlobalSection(ProjectConfigurationPlatforms) = postSolution
		{7FEC6047-B6F9-48B6-B2BE-E27108693A5E}.Debug|Any CPU.ActiveCfg = Debug|Any CPU
		{7FEC6047-B6F9-48B6-B2BE-E27108693A5E}.Debug|Any CPU.Build.0 = Debug|Any CPU
		{7FEC6047-B6F9-48B6-B2BE-E27108693A5E}.Debug|Any CPU.Deploy.0 = Debug|Any CPU
		{7FEC6047-B6F9-48B6-B2BE-E27108693A5E}.Debug|iPhone.ActiveCfg = Debug|Any CPU
		{7FEC6047-B6F9-48B6-B2BE-E27108693A5E}.Debug|iPhone.Build.0 = Debug|Any CPU
		{7FEC6047-B6F9-48B6-B2BE-E27108693A5E}.Debug|iPhone.Deploy.0 = Debug|Any CPU
		{7FEC6047-B6F9-48B6-B2BE-E27108693A5E}.Debug|iPhoneSimulator.ActiveCfg = Debug|Any CPU
		{7FEC6047-B6F9-48B6-B2BE-E27108693A5E}.Debug|iPhoneSimulator.Build.0 = Debug|Any CPU
		{7FEC6047-B6F9-48B6-B2BE-E27108693A5E}.Debug|iPhoneSimulator.Deploy.0 = Debug|Any CPU
		{7FEC6047-B6F9-48B6-B2BE-E27108693A5E}.Release|Any CPU.ActiveCfg = Release|Any CPU
		{7FEC6047-B6F9-48B6-B2BE-E27108693A5E}.Release|Any CPU.Build.0 = Release|Any CPU
		{7FEC6047-B6F9-48B6-B2BE-E27108693A5E}.Release|Any CPU.Deploy.0 = Release|Any CPU
		{7FEC6047-B6F9-48B6-B2BE-E27108693A5E}.Release|iPhone.ActiveCfg = Release|Any CPU
		{7FEC6047-B6F9-48B6-B2BE-E27108693A5E}.Release|iPhone.Build.0 = Release|Any CPU
		{7FEC6047-B6F9-48B6-B2BE-E27108693A5E}.Release|iPhone.Deploy.0 = Release|Any CPU
		{7FEC6047-B6F9-48B6-B2BE-E27108693A5E}.Release|iPhoneSimulator.ActiveCfg = Release|Any CPU
		{7FEC6047-B6F9-48B6-B2BE-E27108693A5E}.Release|iPhoneSimulator.Build.0 = Release|Any CPU
		{7FEC6047-B6F9-48B6-B2BE-E27108693A5E}.Release|iPhoneSimulator.Deploy.0 = Release|Any CPU
		{6F0F6895-B2F2-4F79-86C8-0478088CEE9A}.Debug|Any CPU.ActiveCfg = Debug|iPhoneSimulator
		{6F0F6895-B2F2-4F79-86C8-0478088CEE9A}.Debug|Any CPU.Deploy.0 = Debug|iPhoneSimulator
		{6F0F6895-B2F2-4F79-86C8-0478088CEE9A}.Debug|iPhone.ActiveCfg = Debug|iPhone
		{6F0F6895-B2F2-4F79-86C8-0478088CEE9A}.Debug|iPhone.Build.0 = Debug|iPhone
		{6F0F6895-B2F2-4F79-86C8-0478088CEE9A}.Debug|iPhone.Deploy.0 = Debug|iPhone
		{6F0F6895-B2F2-4F79-86C8-0478088CEE9A}.Debug|iPhoneSimulator.ActiveCfg = Debug|iPhoneSimulator
		{6F0F6895-B2F2-4F79-86C8-0478088CEE9A}.Debug|iPhoneSimulator.Build.0 = Debug|iPhoneSimulator
		{6F0F6895-B2F2-4F79-86C8-0478088CEE9A}.Debug|iPhoneSimulator.Deploy.0 = Debug|iPhoneSimulator
		{6F0F6895-B2F2-4F79-86C8-0478088CEE9A}.Release|Any CPU.ActiveCfg = Release|iPhone
		{6F0F6895-B2F2-4F79-86C8-0478088CEE9A}.Release|Any CPU.Build.0 = Release|iPhone
		{6F0F6895-B2F2-4F79-86C8-0478088CEE9A}.Release|Any CPU.Deploy.0 = Release|iPhone
		{6F0F6895-B2F2-4F79-86C8-0478088CEE9A}.Release|iPhone.ActiveCfg = Release|iPhone
		{6F0F6895-B2F2-4F79-86C8-0478088CEE9A}.Release|iPhone.Build.0 = Release|iPhone
		{6F0F6895-B2F2-4F79-86C8-0478088CEE9A}.Release|iPhone.Deploy.0 = Release|iPhone
		{6F0F6895-B2F2-4F79-86C8-0478088CEE9A}.Release|iPhoneSimulator.ActiveCfg = Release|iPhoneSimulator
		{6F0F6895-B2F2-4F79-86C8-0478088CEE9A}.Release|iPhoneSimulator.Build.0 = Release|iPhoneSimulator
		{6F0F6895-B2F2-4F79-86C8-0478088CEE9A}.Release|iPhoneSimulator.Deploy.0 = Release|iPhoneSimulator
		{55F87006-4403-4663-B143-01EB7D3B3C03}.Debug|Any CPU.ActiveCfg = Debug|Any CPU
		{55F87006-4403-4663-B143-01EB7D3B3C03}.Debug|Any CPU.Build.0 = Debug|Any CPU
		{55F87006-4403-4663-B143-01EB7D3B3C03}.Debug|Any CPU.Deploy.0 = Debug|Any CPU
		{55F87006-4403-4663-B143-01EB7D3B3C03}.Debug|iPhone.ActiveCfg = Debug|Any CPU
		{55F87006-4403-4663-B143-01EB7D3B3C03}.Debug|iPhone.Build.0 = Debug|Any CPU
		{55F87006-4403-4663-B143-01EB7D3B3C03}.Debug|iPhone.Deploy.0 = Debug|Any CPU
		{55F87006-4403-4663-B143-01EB7D3B3C03}.Debug|iPhoneSimulator.ActiveCfg = Debug|Any CPU
		{55F87006-4403-4663-B143-01EB7D3B3C03}.Debug|iPhoneSimulator.Build.0 = Debug|Any CPU
		{55F87006-4403-4663-B143-01EB7D3B3C03}.Debug|iPhoneSimulator.Deploy.0 = Debug|Any CPU
		{55F87006-4403-4663-B143-01EB7D3B3C03}.Release|Any CPU.ActiveCfg = Release|Any CPU
		{55F87006-4403-4663-B143-01EB7D3B3C03}.Release|Any CPU.Build.0 = Release|Any CPU
		{55F87006-4403-4663-B143-01EB7D3B3C03}.Release|Any CPU.Deploy.0 = Release|Any CPU
		{55F87006-4403-4663-B143-01EB7D3B3C03}.Release|iPhone.ActiveCfg = Release|Any CPU
		{55F87006-4403-4663-B143-01EB7D3B3C03}.Release|iPhone.Build.0 = Release|Any CPU
		{55F87006-4403-4663-B143-01EB7D3B3C03}.Release|iPhone.Deploy.0 = Release|Any CPU
		{55F87006-4403-4663-B143-01EB7D3B3C03}.Release|iPhoneSimulator.ActiveCfg = Release|Any CPU
		{55F87006-4403-4663-B143-01EB7D3B3C03}.Release|iPhoneSimulator.Build.0 = Release|Any CPU
		{55F87006-4403-4663-B143-01EB7D3B3C03}.Release|iPhoneSimulator.Deploy.0 = Release|Any CPU
	EndGlobalSection
	GlobalSection(SolutionProperties) = preSolution
		HideSolutionNode = FALSE
	EndGlobalSection
	GlobalSection(ExtensibilityGlobals) = postSolution
		SolutionGuid = {47B1749D-3472-4B26-9CA7-44C092302F32}
	EndGlobalSection
EndGlobal
